Microsoft Visual Studio Solution File, Format Version 12.00
Project("{FAE04EC0-301F-11D3-BF4B-00C04F79EFBC}") = "BigChange.ToDo", "BigChange.ToDo\BigChange.ToDo.csproj", "{EF0B5D15-ABBE-4138-BF9F-CCBABE62F150}"
EndProject
Project("{FAE04EC0-301F-11D3-BF4B-00C04F79EFBC}") = "BigChange.ToDo.ApiTests", "BigChange.ToDo.ApiTests\BigChange.ToDo.ApiTests.csproj", "{099E006C-4C16-4A2E-9BB5-58E6A320D051}"
EndProject
Global
	GlobalSection(SolutionConfigurationPlatforms) = preSolution
		Debug|Any CPU = Debug|Any CPU
		Release|Any CPU = Release|Any CPU
	EndGlobalSection
	GlobalSection(ProjectConfigurationPlatforms) = postSolution
		{EF0B5D15-ABBE-4138-BF9F-CCBABE62F150}.Debug|Any CPU.ActiveCfg = Debug|Any CPU
		{EF0B5D15-ABBE-4138-BF9F-CCBABE62F150}.Debug|Any CPU.Build.0 = Debug|Any CPU
		{EF0B5D15-ABBE-4138-BF9F-CCBABE62F150}.Release|Any CPU.ActiveCfg = Release|Any CPU
		{EF0B5D15-ABBE-4138-BF9F-CCBABE62F150}.Release|Any CPU.Build.0 = Release|Any CPU
		{099E006C-4C16-4A2E-9BB5-58E6A320D051}.Debug|Any CPU.ActiveCfg = Debug|Any CPU
		{099E006C-4C16-4A2E-9BB5-58E6A320D051}.Debug|Any CPU.Build.0 = Debug|Any CPU
		{099E006C-4C16-4A2E-9BB5-58E6A320D051}.Release|Any CPU.ActiveCfg = Release|Any CPU
		{099E006C-4C16-4A2E-9BB5-58E6A320D051}.Release|Any CPU.Build.0 = Release|Any CPU
	EndGlobalSection
EndGlobal
